# apss.lock  -  AUTO-GENERATED by `apss install`. Do not edit manually.

schema = "apss.lock/v1"

[core]
version = "1.1.0"
checksum = ""

[[package]]
id = "APS-V1-0002"
slug = "architecture-fitness"
crate_name = "apss-v1-0002-architecture-fitness"
version = "1.0.0"
checksum = "sha256:abac6264e44ab8ba04f5c4cd70adb982cc74a68aab496deddd58a95a5137efbb"
source = "registry+https://crates.io"
substandards = []

[[package]]
id = "APS-V1-0001"
slug = "code-topology"
crate_name = "apss-v1-0001-code-topology"
version = "0.2.0"
checksum = "sha256:98f3dd73506fb909f87e6a8d2cc1579cc1c5190ad485e9d6dc23a6b955735dfc"
source = "registry+https://crates.io"
substandards = []

[[package]]
id = "APS-V1-0003"
slug = "documentation"
crate_name = "apss-v1-0003-documentation"
version = "0.1.0"
checksum = "sha256:bcb68103815a0cd44f739d4fe7a86310414e46068dcbd3229b39de57a7be2252"
source = "registry+https://crates.io"
substandards = []
