# apss.lock  -  AUTO-GENERATED by `apss install`. Do not edit manually.

schema = "apss.lock/v1"

[core]
version = "1.1.0"
checksum = ""

[[package]]
id = "APS-V1-0002"
slug = "architecture-fitness"
crate_name = "apss-v1-0002-architecture-fitness"
version = ">=0.2.0"
checksum = ""
source = "registry+https://crates.io"
substandards = []

[[package]]
id = "APS-V1-0001"
slug = "code-topology"
crate_name = "apss-v1-0001-code-topology"
version = ">=0.2.0"
checksum = ""
source = "registry+https://crates.io"
substandards = []

[[package]]
id = "APS-V1-0003"
slug = "documentation"
crate_name = "apss-v1-0003-documentation"
version = ">=0.1.0"
checksum = ""
source = "registry+https://crates.io"
substandards = []
